
Microsoft Visual Studio Solution File, Format Version 12.00
# Visual Studio for Mac
Project("{FAE04EC0-301F-11D3-BF4B-00C04F79EFBC}") = "Assembly-CSharp", "Assembly-CSharp.csproj", "{6166E5D1-3D07-34CC-F701-AF9954A647FC}"
EndProject
Project("{FAE04EC0-301F-11D3-BF4B-00C04F79EFBC}") = "Assembly-CSharp-Editor", "Assembly-CSharp-Editor.csproj", "{FF7FB797-A9EF-EA4B-325C-65D51981601A}"
EndProject
Global
	GlobalSection(SolutionConfigurationPlatforms) = preSolution
		Debug|Any CPU = Debug|Any CPU
		Release|Any CPU = Release|Any CPU
	EndGlobalSection
	GlobalSection(ProjectConfigurationPlatforms) = postSolution
		{6166E5D1-3D07-34CC-F701-AF9954A647FC}.Debug|Any CPU.ActiveCfg = Debug|Any CPU
		{6166E5D1-3D07-34CC-F701-AF9954A647FC}.Debug|Any CPU.Build.0 = Debug|Any CPU
		{6166E5D1-3D07-34CC-F701-AF9954A647FC}.Release|Any CPU.ActiveCfg = Release|Any CPU
		{6166E5D1-3D07-34CC-F701-AF9954A647FC}.Release|Any CPU.Build.0 = Release|Any CPU
		{FF7FB797-A9EF-EA4B-325C-65D51981601A}.Debug|Any CPU.ActiveCfg = Debug|Any CPU
		{FF7FB797-A9EF-EA4B-325C-65D51981601A}.Debug|Any CPU.Build.0 = Debug|Any CPU
		{FF7FB797-A9EF-EA4B-325C-65D51981601A}.Release|Any CPU.ActiveCfg = Release|Any CPU
		{FF7FB797-A9EF-EA4B-325C-65D51981601A}.Release|Any CPU.Build.0 = Release|Any CPU
	EndGlobalSection
	GlobalSection(SolutionProperties) = preSolution
		HideSolutionNode = FALSE
	EndGlobalSection
	GlobalSection(MonoDevelopProperties) = preSolution
		StartupItem = Assembly-CSharp.csproj
	EndGlobalSection
EndGlobal
